
Microsoft Visual Studio Solution File, Format Version 12.00
# Visual Studio Version 17
VisualStudioVersion = 17.0.31912.275
MinimumVisualStudioVersion = 10.0.40219.1
Project("{FAE04EC0-301F-11D3-BF4B-00C04F79EFBC}") = "AgendaConsultorio", "AgendaConsultorio\AgendaConsultorio.csproj", "{25A5935A-7411-4C62-938B-EAE3DF8ADF0A}"
EndProject
Global
	GlobalSection(SolutionConfigurationPlatforms) = preSolution
		Debug|Any CPU = Debug|Any CPU
		Release|Any CPU = Release|Any CPU
	EndGlobalSection
	GlobalSection(ProjectConfigurationPlatforms) = postSolution
		{25A5935A-7411-4C62-938B-EAE3DF8ADF0A}.Debug|Any CPU.ActiveCfg = Debug|Any CPU
		{25A5935A-7411-4C62-938B-EAE3DF8ADF0A}.Debug|Any CPU.Build.0 = Debug|Any CPU
		{25A5935A-7411-4C62-938B-EAE3DF8ADF0A}.Release|Any CPU.ActiveCfg = Release|Any CPU
		{25A5935A-7411-4C62-938B-EAE3DF8ADF0A}.Release|Any CPU.Build.0 = Release|Any CPU
	EndGlobalSection
	GlobalSection(SolutionProperties) = preSolution
		HideSolutionNode = FALSE
	EndGlobalSection
	GlobalSection(ExtensibilityGlobals) = postSolution
		SolutionGuid = {0DCBE74F-9F0C-4B9A-8B15-5D79F00AA5C2}
	EndGlobalSection
EndGlobal
